
Microsoft Visual Studio Solution File, Format Version 12.00
# Visual Studio Version 16
VisualStudioVersion = 16.0.31005.135
MinimumVisualStudioVersion = 10.0.40219.1
Project("{FAE04EC0-301F-11D3-BF4B-00C04F79EFBC}") = "GitSharpLab1", "GitSharpLab1\GitSharpLab1.csproj", "{5F470DDD-4CFF-4C33-8716-939DDF30E4BD}"
EndProject
Global
	GlobalSection(SolutionConfigurationPlatforms) = preSolution
		Debug|Any CPU = Debug|Any CPU
		Release|Any CPU = Release|Any CPU
	EndGlobalSection
	GlobalSection(ProjectConfigurationPlatforms) = postSolution
		{5F470DDD-4CFF-4C33-8716-939DDF30E4BD}.Debug|Any CPU.ActiveCfg = Debug|Any CPU
		{5F470DDD-4CFF-4C33-8716-939DDF30E4BD}.Debug|Any CPU.Build.0 = Debug|Any CPU
		{5F470DDD-4CFF-4C33-8716-939DDF30E4BD}.Release|Any CPU.ActiveCfg = Release|Any CPU
		{5F470DDD-4CFF-4C33-8716-939DDF30E4BD}.Release|Any CPU.Build.0 = Release|Any CPU
	EndGlobalSection
	GlobalSection(SolutionProperties) = preSolution
		HideSolutionNode = FALSE
	EndGlobalSection
	GlobalSection(ExtensibilityGlobals) = postSolution
		SolutionGuid = {84409AD9-A121-4551-A59D-C7833994A707}
	EndGlobalSection
EndGlobal
